
Microsoft Visual Studio Solution File, Format Version 12.00
# Visual Studio Version 16
VisualStudioVersion = 16.0.30804.86
MinimumVisualStudioVersion = 10.0.40219.1
Project("{FAE04EC0-301F-11D3-BF4B-00C04F79EFBC}") = "EmployeePayrollService_ADO.NET", "EmployeePayrollService_ADO.NET\EmployeePayrollService_ADO.NET.csproj", "{E2F50C52-2DF1-4572-9ECD-C403CC331AED}"
EndProject
Global
	GlobalSection(SolutionConfigurationPlatforms) = preSolution
		Debug|Any CPU = Debug|Any CPU
		Release|Any CPU = Release|Any CPU
	EndGlobalSection
	GlobalSection(ProjectConfigurationPlatforms) = postSolution
		{E2F50C52-2DF1-4572-9ECD-C403CC331AED}.Debug|Any CPU.ActiveCfg = Debug|Any CPU
		{E2F50C52-2DF1-4572-9ECD-C403CC331AED}.Debug|Any CPU.Build.0 = Debug|Any CPU
		{E2F50C52-2DF1-4572-9ECD-C403CC331AED}.Release|Any CPU.ActiveCfg = Release|Any CPU
		{E2F50C52-2DF1-4572-9ECD-C403CC331AED}.Release|Any CPU.Build.0 = Release|Any CPU
	EndGlobalSection
	GlobalSection(SolutionProperties) = preSolution
		HideSolutionNode = FALSE
	EndGlobalSection
	GlobalSection(ExtensibilityGlobals) = postSolution
		SolutionGuid = {C288FF10-4A5E-4FC0-8FEA-333BB8884D3F}
	EndGlobalSection
EndGlobal
